
Microsoft Visual Studio Solution File, Format Version 12.00
# Visual Studio Version 17
VisualStudioVersion = 17.7.34031.279
MinimumVisualStudioVersion = 10.0.40219.1
Project("{FAE04EC0-301F-11D3-BF4B-00C04F79EFBC}") = "ToggleLightDarkMode", "ToggleLightDarkMode\ToggleLightDarkMode.csproj", "{95B28F02-3E8D-45DE-8AB9-5A096DA5338F}"
EndProject
Project("{54435603-DBB4-11D2-8724-00A0C9A8B90C}") = "Toggle Light Dark Mode Installer", "Toggle Light Dark Mode Installer\Toggle Light Dark Mode Installer.vdproj", "{C467F996-6814-4F35-B7BA-F2DDECCFB3F9}"
EndProject
Global
	GlobalSection(SolutionConfigurationPlatforms) = preSolution
		Debug|Any CPU = Debug|Any CPU
		Release|Any CPU = Release|Any CPU
	EndGlobalSection
	GlobalSection(ProjectConfigurationPlatforms) = postSolution
		{95B28F02-3E8D-45DE-8AB9-5A096DA5338F}.Debug|Any CPU.ActiveCfg = Debug|Any CPU
		{95B28F02-3E8D-45DE-8AB9-5A096DA5338F}.Debug|Any CPU.Build.0 = Debug|Any CPU
		{95B28F02-3E8D-45DE-8AB9-5A096DA5338F}.Release|Any CPU.ActiveCfg = Release|Any CPU
		{95B28F02-3E8D-45DE-8AB9-5A096DA5338F}.Release|Any CPU.Build.0 = Release|Any CPU
		{C467F996-6814-4F35-B7BA-F2DDECCFB3F9}.Debug|Any CPU.ActiveCfg = Debug
		{C467F996-6814-4F35-B7BA-F2DDECCFB3F9}.Release|Any CPU.ActiveCfg = Release
		{C467F996-6814-4F35-B7BA-F2DDECCFB3F9}.Release|Any CPU.Build.0 = Release
	EndGlobalSection
	GlobalSection(SolutionProperties) = preSolution
		HideSolutionNode = FALSE
	EndGlobalSection
	GlobalSection(ExtensibilityGlobals) = postSolution
		SolutionGuid = {40AD7456-A643-4F62-A25F-86C349552D0B}
	EndGlobalSection
EndGlobal
